# THIS IS AN AUTOGENERATED FILE. DO NOT EDIT THIS FILE DIRECTLY.
# yarn lockfile v1


"@alyle/ui@^10.4.0":
  version "10.4.0"
  resolved "https://registry.yarnpkg.com/@alyle/ui/-/ui-10.4.0.tgz#256505e4871df67c77b7b8b280310216b4d5a503"
  integrity sha512-VODYdw/3NE7Epdq8shIna6Ikj06J5S63IcN2qha35Mt91MMUkgkUexLivuIkR34mfS1c0tJcWZpT8ZsD4PmVRg==
  dependencies:
    tslib "^1.9.0"

tslib@^1.9.0:
  version "1.10.0"
  resolved "https://registry.yarnpkg.com/tslib/-/tslib-1.10.0.tgz#c3c19f95973fb0a62973fb09d90d961ee43e5c8a"
  integrity sha512-qOebF53frne81cf0S9B41ByenJ3/IuH8yJKngAX35CmiZySA0khhkovshKK+jGCaMnVomla7gVlIcc3EvKPbTQ==
