# THIS IS AN AUTOGENERATED FILE. DO NOT EDIT THIS FILE DIRECTLY.
# yarn lockfile v1


"@alyle/ui@^11.1.1":
  version "11.1.1"
  resolved "https://registry.yarnpkg.com/@alyle/ui/-/ui-11.1.1.tgz#1dda30a2d59f3a4facfb32e019490fd6cef181af"
  integrity sha512-W/VFc1RPZLTgbdP+aNV7M4cmxbwE7GCEVA/+4ClNFTTJ3OSwRZFtHWYoesVkzLKtJiX6nR783eX5ArkAZY0x9g==
  dependencies:
    tslib "^1.9.0"

tslib@^1.9.0:
  version "1.10.0"
  resolved "https://registry.yarnpkg.com/tslib/-/tslib-1.10.0.tgz#c3c19f95973fb0a62973fb09d90d961ee43e5c8a"
  integrity sha512-qOebF53frne81cf0S9B41ByenJ3/IuH8yJKngAX35CmiZySA0khhkovshKK+jGCaMnVomla7gVlIcc3EvKPbTQ==
